
Microsoft Visual Studio Solution File, Format Version 12.00
# Visual Studio 2012
Project("{FAE04EC0-301F-11D3-BF4B-00C04F79EFBC}") = "Project4", "Project4\Project4.csproj", "{7179BEF5-4FB5-4EC4-BFBD-E8B1D2593C0A}"
EndProject
Project("{FAE04EC0-301F-11D3-BF4B-00C04F79EFBC}") = "RealtorLibrary", "RealtorLibrary\RealtorLibrary.csproj", "{81CFD5DB-11F5-48BC-8E5E-0AD85DD5233C}"
EndProject
Project("{FAE04EC0-301F-11D3-BF4B-00C04F79EFBC}") = "Utilities", "Utilities\Utilities.csproj", "{6224A378-EEF4-4EE0-A009-AC8CE1260CB1}"
EndProject
Global
	GlobalSection(SolutionConfigurationPlatforms) = preSolution
		Debug|Any CPU = Debug|Any CPU
		Release|Any CPU = Release|Any CPU
	EndGlobalSection
	GlobalSection(ProjectConfigurationPlatforms) = postSolution
		{7179BEF5-4FB5-4EC4-BFBD-E8B1D2593C0A}.Debug|Any CPU.ActiveCfg = Debug|Any CPU
		{7179BEF5-4FB5-4EC4-BFBD-E8B1D2593C0A}.Debug|Any CPU.Build.0 = Debug|Any CPU
		{7179BEF5-4FB5-4EC4-BFBD-E8B1D2593C0A}.Release|Any CPU.ActiveCfg = Release|Any CPU
		{7179BEF5-4FB5-4EC4-BFBD-E8B1D2593C0A}.Release|Any CPU.Build.0 = Release|Any CPU
		{81CFD5DB-11F5-48BC-8E5E-0AD85DD5233C}.Debug|Any CPU.ActiveCfg = Debug|Any CPU
		{81CFD5DB-11F5-48BC-8E5E-0AD85DD5233C}.Debug|Any CPU.Build.0 = Debug|Any CPU
		{81CFD5DB-11F5-48BC-8E5E-0AD85DD5233C}.Release|Any CPU.ActiveCfg = Release|Any CPU
		{81CFD5DB-11F5-48BC-8E5E-0AD85DD5233C}.Release|Any CPU.Build.0 = Release|Any CPU
		{6224A378-EEF4-4EE0-A009-AC8CE1260CB1}.Debug|Any CPU.ActiveCfg = Debug|Any CPU
		{6224A378-EEF4-4EE0-A009-AC8CE1260CB1}.Debug|Any CPU.Build.0 = Debug|Any CPU
		{6224A378-EEF4-4EE0-A009-AC8CE1260CB1}.Release|Any CPU.ActiveCfg = Release|Any CPU
		{6224A378-EEF4-4EE0-A009-AC8CE1260CB1}.Release|Any CPU.Build.0 = Release|Any CPU
	EndGlobalSection
	GlobalSection(SolutionProperties) = preSolution
		HideSolutionNode = FALSE
	EndGlobalSection
EndGlobal
